// !$*UTF8*$!
{
	archiveVersion = 1;
	classes = {
	};
	objectVersion = 56;
	objects = {

/* Begin PBXBuildFile section */
		D20EF2AB2BB18CFA006CF8CD /* ExpenseLineIOSApp.swift in Sources */ = {isa = PBXBuildFile; fileRef = D20EF2AA2BB18CFA006CF8CD /* ExpenseLineIOSApp.swift */; };
		D20EF2AF2BB18CFB006CF8CD /* Assets.xcassets in Resources */ = {isa = PBXBuildFile; fileRef = D20EF2AE2BB18CFB006CF8CD /* Assets.xcassets */; };
		D20EF2B22BB18CFB006CF8CD /* Preview Assets.xcassets in Resources */ = {isa = PBXBuildFile; fileRef = D20EF2B12BB18CFB006CF8CD /* Preview Assets.xcassets */; };
		D20EF2BC2BB18CFB006CF8CD /* ExpenseLineIOSTests.swift in Sources */ = {isa = PBXBuildFile; fileRef = D20EF2BB2BB18CFB006CF8CD /* ExpenseLineIOSTests.swift */; };
		D20EF2C62BB18CFB006CF8CD /* ExpenseLineIOSUITests.swift in Sources */ = {isa = PBXBuildFile; fileRef = D20EF2C52BB18CFB006CF8CD /* ExpenseLineIOSUITests.swift */; };
		D20EF2C82BB18CFB006CF8CD /* ExpenseLineIOSUITestsLaunchTests.swift in Sources */ = {isa = PBXBuildFile; fileRef = D20EF2C72BB18CFB006CF8CD /* ExpenseLineIOSUITestsLaunchTests.swift */; };
		D20EF2D52BB18DFA006CF8CD /* BudgetView.swift in Sources */ = {isa = PBXBuildFile; fileRef = D20EF2D42BB18DFA006CF8CD /* BudgetView.swift */; };
		D20EF2DC2BB18EB6006CF8CD /* AddExpenseButton.swift in Sources */ = {isa = PBXBuildFile; fileRef = D20EF2DB2BB18EB6006CF8CD /* AddExpenseButton.swift */; };
		D20EF2E12BB193FD006CF8CD /* BudgetViewModel.swift in Sources */ = {isa = PBXBuildFile; fileRef = D20EF2E02BB193FD006CF8CD /* BudgetViewModel.swift */; };
		D20EF2E42BB19436006CF8CD /* Transaction.swift in Sources */ = {isa = PBXBuildFile; fileRef = D20EF2E32BB19436006CF8CD /* Transaction.swift */; };
		D20EF2EA2BB19ADD006CF8CD /* ToolButton.swift in Sources */ = {isa = PBXBuildFile; fileRef = D20EF2E92BB19ADD006CF8CD /* ToolButton.swift */; };
		D219D9942BE3A69700943018 /* FlexibleCardView.swift in Sources */ = {isa = PBXBuildFile; fileRef = D219D9932BE3A69700943018 /* FlexibleCardView.swift */; };
		D221C0862BE755000096DF89 /* Date+Extension.swift in Sources */ = {isa = PBXBuildFile; fileRef = D221C0852BE755000096DF89 /* Date+Extension.swift */; };
		D221C0882BE757200096DF89 /* CurrencySelectorSheet.swift in Sources */ = {isa = PBXBuildFile; fileRef = D221C0872BE757200096DF89 /* CurrencySelectorSheet.swift */; };
		D221C08A2BE758170096DF89 /* Currency.swift in Sources */ = {isa = PBXBuildFile; fileRef = D221C0892BE758170096DF89 /* Currency.swift */; };
		D22218742BDFD73D00E552E4 /* String+Extension.swift in Sources */ = {isa = PBXBuildFile; fileRef = D22218732BDFD73D00E552E4 /* String+Extension.swift */; };
		D2246B382BBACC3500556936 /* BudgetListView.swift in Sources */ = {isa = PBXBuildFile; fileRef = D2246B372BBACC3500556936 /* BudgetListView.swift */; };
		D2246B3A2BBACC4B00556936 /* BudgetListViewModel.swift in Sources */ = {isa = PBXBuildFile; fileRef = D2246B392BBACC4B00556936 /* BudgetListViewModel.swift */; };
		D2246B3C2BBAD67B00556936 /* AppState.swift in Sources */ = {isa = PBXBuildFile; fileRef = D2246B3B2BBAD67B00556936 /* AppState.swift */; };
		D226FB0B2BED175000B54654 /* OutcomePageWizardView.swift in Sources */ = {isa = PBXBuildFile; fileRef = D226FB0A2BED175000B54654 /* OutcomePageWizardView.swift */; };
		D226FB0E2BED1EE100B54654 /* BudgetShortSummaryView.swift in Sources */ = {isa = PBXBuildFile; fileRef = D226FB0D2BED1EE100B54654 /* BudgetShortSummaryView.swift */; };
		D22AB4CF2C0318B500306F5B /* countries.json in Resources */ = {isa = PBXBuildFile; fileRef = D22AB4CE2C0318B500306F5B /* countries.json */; };
		D22CED9A2C05C0A0000C9A08 /* categories.json in Resources */ = {isa = PBXBuildFile; fileRef = D22CED992C05C0A0000C9A08 /* categories.json */; };
		D22E5F082C0893B100DE7DE3 /* NotificationService.swift in Sources */ = {isa = PBXBuildFile; fileRef = D22E5F072C0893B100DE7DE3 /* NotificationService.swift */; };
		D23126A72BC2799C0008BDD6 /* EditCategorySheet.swift in Sources */ = {isa = PBXBuildFile; fileRef = D23126A62BC2799C0008BDD6 /* EditCategorySheet.swift */; };
		D23416CB2BE616E4000178FB /* Color+Extension.swift in Sources */ = {isa = PBXBuildFile; fileRef = D23416CA2BE616E4000178FB /* Color+Extension.swift */; };
		D2350E6A2BBC35A0002B93A0 /* MainView.swift in Sources */ = {isa = PBXBuildFile; fileRef = D2350E692BBC35A0002B93A0 /* MainView.swift */; };
		D2370CD62BDA702000B75B4D /* WizzardNextButton.swift in Sources */ = {isa = PBXBuildFile; fileRef = D2370CD52BDA702000B75B4D /* WizzardNextButton.swift */; };
		D23B85172BF22E8300A62196 /* Period.swift in Sources */ = {isa = PBXBuildFile; fileRef = D23B85162BF22E8300A62196 /* Period.swift */; };
		D23B851A2BF235D600A62196 /* PeriodListView.swift in Sources */ = {isa = PBXBuildFile; fileRef = D23B85192BF235D600A62196 /* PeriodListView.swift */; };
		D23EE3332BC66B7C0088B246 /* BudgetService.swift in Sources */ = {isa = PBXBuildFile; fileRef = D23EE3322BC66B7C0088B246 /* BudgetService.swift */; };
		D244C0722BFB74530015EA61 /* Celendar+Extension.swift in Sources */ = {isa = PBXBuildFile; fileRef = D244C0712BFB74530015EA61 /* Celendar+Extension.swift */; };
		D247B4E62BF619F7004E72A4 /* CategoryView.swift in Sources */ = {isa = PBXBuildFile; fileRef = D247B4E52BF619F7004E72A4 /* CategoryView.swift */; };
		D247B4E82BF61A08004E72A4 /* CategoryViewModel.swift in Sources */ = {isa = PBXBuildFile; fileRef = D247B4E72BF61A08004E72A4 /* CategoryViewModel.swift */; };
		D249E2A12BD13EEF00F104F6 /* CategoryListView.swift in Sources */ = {isa = PBXBuildFile; fileRef = D249E2A02BD13EEF00F104F6 /* CategoryListView.swift */; };
		D24CA2972BD2944C00896BC6 /* MainWizardPageView.swift in Sources */ = {isa = PBXBuildFile; fileRef = D24CA2962BD2944C00896BC6 /* MainWizardPageView.swift */; };
		D24CA2992BD295F400896BC6 /* DataService.swift in Sources */ = {isa = PBXBuildFile; fileRef = D24CA2982BD295F400896BC6 /* DataService.swift */; };
		D250D4CF2BB828EB0050638C /* Budget.swift in Sources */ = {isa = PBXBuildFile; fileRef = D250D4CE2BB828EB0050638C /* Budget.swift */; };
		D2563E502BD7D9A800D28F65 /* CategoryListWizardView.swift in Sources */ = {isa = PBXBuildFile; fileRef = D2563E4F2BD7D9A800D28F65 /* CategoryListWizardView.swift */; };
		D258A1992C0748F30009B3D2 /* DailyProgressView.swift in Sources */ = {isa = PBXBuildFile; fileRef = D258A1982C0748F30009B3D2 /* DailyProgressView.swift */; };
		D258A19B2C074FD50009B3D2 /* Array+Extension.swift in Sources */ = {isa = PBXBuildFile; fileRef = D258A19A2C074FD50009B3D2 /* Array+Extension.swift */; };
		D25A5B3A2BE4F8F2009618E4 /* PromptView.swift in Sources */ = {isa = PBXBuildFile; fileRef = D25A5B392BE4F8F2009618E4 /* PromptView.swift */; };
		D25ACF962BDD1AB800D61DEA /* CustomNumericField.swift in Sources */ = {isa = PBXBuildFile; fileRef = D25ACF952BDD1AB800D61DEA /* CustomNumericField.swift */; };
		D25AF79A2BF9D787009FEDD1 /* CircularProgressView.swift in Sources */ = {isa = PBXBuildFile; fileRef = D25AF7992BF9D787009FEDD1 /* CircularProgressView.swift */; };
		D263EC6F2BB6E9A000BA4287 /* ServiceBundle.swift in Sources */ = {isa = PBXBuildFile; fileRef = D263EC6E2BB6E9A000BA4287 /* ServiceBundle.swift */; };
		D26C11CE2C04A7D6004DB285 /* IconView.swift in Sources */ = {isa = PBXBuildFile; fileRef = D26C11CD2C04A7D6004DB285 /* IconView.swift */; };
		D26DB1B92BEE487F00450617 /* FormTitleViewModifier.swift in Sources */ = {isa = PBXBuildFile; fileRef = D26DB1B82BEE487F00450617 /* FormTitleViewModifier.swift */; };
		D2705E5B2BC01D5B003426A8 /* BudgetWizardView.swift in Sources */ = {isa = PBXBuildFile; fileRef = D2705E5A2BC01D5B003426A8 /* BudgetWizardView.swift */; };
		D2705E5E2BC01D77003426A8 /* BudgetWizardViewModel.swift in Sources */ = {isa = PBXBuildFile; fileRef = D2705E5D2BC01D77003426A8 /* BudgetWizardViewModel.swift */; };
		D27483B72BFCD68A0099EA9E /* CirclularBudgetProgressView.swift in Sources */ = {isa = PBXBuildFile; fileRef = D27483B62BFCD68A0099EA9E /* CirclularBudgetProgressView.swift */; };
		D29C0B5F2BC815CB00ED92F2 /* BudgetOverviewView.swift in Sources */ = {isa = PBXBuildFile; fileRef = D29C0B5E2BC815CB00ED92F2 /* BudgetOverviewView.swift */; };
		D29C0B612BC8164700ED92F2 /* BudgetStatsView.swift in Sources */ = {isa = PBXBuildFile; fileRef = D29C0B602BC8164700ED92F2 /* BudgetStatsView.swift */; };
		D2AADC092BF7845B00360CD4 /* ProgressView.swift in Sources */ = {isa = PBXBuildFile; fileRef = D2AADC082BF7845B00360CD4 /* ProgressView.swift */; };
		D2AF81362BE11A0B00E02DDF /* Locale+Extension.swift in Sources */ = {isa = PBXBuildFile; fileRef = D2AF81352BE11A0B00E02DDF /* Locale+Extension.swift */; };
		D2B7F1992BCFE06E0003C283 /* TransactionListView.swift in Sources */ = {isa = PBXBuildFile; fileRef = D2B7F1982BCFE06E0003C283 /* TransactionListView.swift */; };
		D2C124D62C01C07B00CD8C04 /* SettingsView.swift in Sources */ = {isa = PBXBuildFile; fileRef = D2C124D52C01C07B00CD8C04 /* SettingsView.swift */; };
		D2C124DA2C01CAF500CD8C04 /* SettingsService.swift in Sources */ = {isa = PBXBuildFile; fileRef = D2C124D92C01CAF500CD8C04 /* SettingsService.swift */; };
		D2C58AD02BE22B5E00F1BB03 /* ContentSizeCardView.swift in Sources */ = {isa = PBXBuildFile; fileRef = D2C58ACF2BE22B5E00F1BB03 /* ContentSizeCardView.swift */; };
		D2C58AD42BE22F5800F1BB03 /* CategoryTemplateSelectorView.swift in Sources */ = {isa = PBXBuildFile; fileRef = D2C58AD32BE22F5800F1BB03 /* CategoryTemplateSelectorView.swift */; };
		D2C58AD62BE230CC00F1BB03 /* Category.swift in Sources */ = {isa = PBXBuildFile; fileRef = D2C58AD52BE230CC00F1BB03 /* Category.swift */; };
		D2DEFC122BB4348600AC7CA0 /* DataContainer.xcdatamodeld in Sources */ = {isa = PBXBuildFile; fileRef = D2DEFC102BB4348600AC7CA0 /* DataContainer.xcdatamodeld */; };
		D2DEFC142BB4349D00AC7CA0 /* DatabaseManager.swift in Sources */ = {isa = PBXBuildFile; fileRef = D2DEFC132BB4349D00AC7CA0 /* DatabaseManager.swift */; };
		D2F7685B2BC952A6001CE98C /* TransactionSheetView.swift in Sources */ = {isa = PBXBuildFile; fileRef = D2F7685A2BC952A6001CE98C /* TransactionSheetView.swift */; };
		D2F7685E2BC95326001CE98C /* TransactionSheetViewModel.swift in Sources */ = {isa = PBXBuildFile; fileRef = D2F7685D2BC95326001CE98C /* TransactionSheetViewModel.swift */; };
/* End PBXBuildFile section */

/* Begin PBXContainerItemProxy section */
		D20EF2B82BB18CFB006CF8CD /* PBXContainerItemProxy */ = {
			isa = PBXContainerItemProxy;
			containerPortal = D20EF29F2BB18CFA006CF8CD /* Project object */;
			proxyType = 1;
			remoteGlobalIDString = D20EF2A62BB18CFA006CF8CD;
			remoteInfo = ExpenseLineIOS;
		};
		D20EF2C22BB18CFB006CF8CD /* PBXContainerItemProxy */ = {
			isa = PBXContainerItemProxy;
			containerPortal = D20EF29F2BB18CFA006CF8CD /* Project object */;
			proxyType = 1;
			remoteGlobalIDString = D20EF2A62BB18CFA006CF8CD;
			remoteInfo = ExpenseLineIOS;
		};
/* End PBXContainerItemProxy section */

/* Begin PBXFileReference section */
		D20EF2A72BB18CFA006CF8CD /* ExpenseLineIOS.app */ = {isa = PBXFileReference; explicitFileType = wrapper.application; includeInIndex = 0; path = ExpenseLineIOS.app; sourceTree = BUILT_PRODUCTS_DIR; };
		D20EF2AA2BB18CFA006CF8CD /* ExpenseLineIOSApp.swift */ = {isa = PBXFileReference; lastKnownFileType = sourcecode.swift; path = ExpenseLineIOSApp.swift; sourceTree = "<group>"; };
		D20EF2AE2BB18CFB006CF8CD /* Assets.xcassets */ = {isa = PBXFileReference; lastKnownFileType = folder.assetcatalog; path = Assets.xcassets; sourceTree = "<group>"; };
		D20EF2B12BB18CFB006CF8CD /* Preview Assets.xcassets */ = {isa = PBXFileReference; lastKnownFileType = folder.assetcatalog; path = "Preview Assets.xcassets"; sourceTree = "<group>"; };
		D20EF2B72BB18CFB006CF8CD /* ExpenseLineIOSTests.xctest */ = {isa = PBXFileReference; explicitFileType = wrapper.cfbundle; includeInIndex = 0; path = ExpenseLineIOSTests.xctest; sourceTree = BUILT_PRODUCTS_DIR; };
		D20EF2BB2BB18CFB006CF8CD /* ExpenseLineIOSTests.swift */ = {isa = PBXFileReference; lastKnownFileType = sourcecode.swift; path = ExpenseLineIOSTests.swift; sourceTree = "<group>"; };
		D20EF2C12BB18CFB006CF8CD /* ExpenseLineIOSUITests.xctest */ = {isa = PBXFileReference; explicitFileType = wrapper.cfbundle; includeInIndex = 0; path = ExpenseLineIOSUITests.xctest; sourceTree = BUILT_PRODUCTS_DIR; };
		D20EF2C52BB18CFB006CF8CD /* ExpenseLineIOSUITests.swift */ = {isa = PBXFileReference; lastKnownFileType = sourcecode.swift; path = ExpenseLineIOSUITests.swift; sourceTree = "<group>"; };
		D20EF2C72BB18CFB006CF8CD /* ExpenseLineIOSUITestsLaunchTests.swift */ = {isa = PBXFileReference; lastKnownFileType = sourcecode.swift; path = ExpenseLineIOSUITestsLaunchTests.swift; sourceTree = "<group>"; };
		D20EF2D42BB18DFA006CF8CD /* BudgetView.swift */ = {isa = PBXFileReference; lastKnownFileType = sourcecode.swift; path = BudgetView.swift; sourceTree = "<group>"; };
		D20EF2DB2BB18EB6006CF8CD /* AddExpenseButton.swift */ = {isa = PBXFileReference; lastKnownFileType = sourcecode.swift; path = AddExpenseButton.swift; sourceTree = "<group>"; };
		D20EF2E02BB193FD006CF8CD /* BudgetViewModel.swift */ = {isa = PBXFileReference; lastKnownFileType = sourcecode.swift; path = BudgetViewModel.swift; sourceTree = "<group>"; };
		D20EF2E32BB19436006CF8CD /* Transaction.swift */ = {isa = PBXFileReference; lastKnownFileType = sourcecode.swift; path = Transaction.swift; sourceTree = "<group>"; };
		D20EF2E92BB19ADD006CF8CD /* ToolButton.swift */ = {isa = PBXFileReference; lastKnownFileType = sourcecode.swift; path = ToolButton.swift; sourceTree = "<group>"; };
		D219D9932BE3A69700943018 /* FlexibleCardView.swift */ = {isa = PBXFileReference; lastKnownFileType = sourcecode.swift; path = FlexibleCardView.swift; sourceTree = "<group>"; };
		D221C0852BE755000096DF89 /* Date+Extension.swift */ = {isa = PBXFileReference; lastKnownFileType = sourcecode.swift; path = "Date+Extension.swift"; sourceTree = "<group>"; };
		D221C0872BE757200096DF89 /* CurrencySelectorSheet.swift */ = {isa = PBXFileReference; lastKnownFileType = sourcecode.swift; path = CurrencySelectorSheet.swift; sourceTree = "<group>"; };
		D221C0892BE758170096DF89 /* Currency.swift */ = {isa = PBXFileReference; lastKnownFileType = sourcecode.swift; path = Currency.swift; sourceTree = "<group>"; };
		D22218732BDFD73D00E552E4 /* String+Extension.swift */ = {isa = PBXFileReference; lastKnownFileType = sourcecode.swift; path = "String+Extension.swift"; sourceTree = "<group>"; };
		D2246B372BBACC3500556936 /* BudgetListView.swift */ = {isa = PBXFileReference; lastKnownFileType = sourcecode.swift; path = BudgetListView.swift; sourceTree = "<group>"; };
		D2246B392BBACC4B00556936 /* BudgetListViewModel.swift */ = {isa = PBXFileReference; lastKnownFileType = sourcecode.swift; path = BudgetListViewModel.swift; sourceTree = "<group>"; };
		D2246B3B2BBAD67B00556936 /* AppState.swift */ = {isa = PBXFileReference; lastKnownFileType = sourcecode.swift; path = AppState.swift; sourceTree = "<group>"; };
		D226FB0A2BED175000B54654 /* OutcomePageWizardView.swift */ = {isa = PBXFileReference; lastKnownFileType = sourcecode.swift; path = OutcomePageWizardView.swift; sourceTree = "<group>"; };
		D226FB0D2BED1EE100B54654 /* BudgetShortSummaryView.swift */ = {isa = PBXFileReference; lastKnownFileType = sourcecode.swift; path = BudgetShortSummaryView.swift; sourceTree = "<group>"; };
		D22AB4CE2C0318B500306F5B /* countries.json */ = {isa = PBXFileReference; fileEncoding = 4; lastKnownFileType = text.json; path = countries.json; sourceTree = "<group>"; };
		D22CED992C05C0A0000C9A08 /* categories.json */ = {isa = PBXFileReference; lastKnownFileType = text.json; path = categories.json; sourceTree = "<group>"; };
		D22E5F072C0893B100DE7DE3 /* NotificationService.swift */ = {isa = PBXFileReference; lastKnownFileType = sourcecode.swift; path = NotificationService.swift; sourceTree = "<group>"; };
		D23126A62BC2799C0008BDD6 /* EditCategorySheet.swift */ = {isa = PBXFileReference; lastKnownFileType = sourcecode.swift; path = EditCategorySheet.swift; sourceTree = "<group>"; };
		D23416CA2BE616E4000178FB /* Color+Extension.swift */ = {isa = PBXFileReference; lastKnownFileType = sourcecode.swift; path = "Color+Extension.swift"; sourceTree = "<group>"; };
		D2350E692BBC35A0002B93A0 /* MainView.swift */ = {isa = PBXFileReference; lastKnownFileType = sourcecode.swift; path = MainView.swift; sourceTree = "<group>"; };
		D2370CD52BDA702000B75B4D /* WizzardNextButton.swift */ = {isa = PBXFileReference; lastKnownFileType = sourcecode.swift; path = WizzardNextButton.swift; sourceTree = "<group>"; };
		D23B85162BF22E8300A62196 /* Period.swift */ = {isa = PBXFileReference; lastKnownFileType = sourcecode.swift; path = Period.swift; sourceTree = "<group>"; };
		D23B85192BF235D600A62196 /* PeriodListView.swift */ = {isa = PBXFileReference; lastKnownFileType = sourcecode.swift; path = PeriodListView.swift; sourceTree = "<group>"; };
		D23EE3322BC66B7C0088B246 /* BudgetService.swift */ = {isa = PBXFileReference; lastKnownFileType = sourcecode.swift; path = BudgetService.swift; sourceTree = "<group>"; };
		D244C0712BFB74530015EA61 /* Celendar+Extension.swift */ = {isa = PBXFileReference; lastKnownFileType = sourcecode.swift; path = "Celendar+Extension.swift"; sourceTree = "<group>"; };
		D247B4E52BF619F7004E72A4 /* CategoryView.swift */ = {isa = PBXFileReference; lastKnownFileType = sourcecode.swift; path = CategoryView.swift; sourceTree = "<group>"; };
		D247B4E72BF61A08004E72A4 /* CategoryViewModel.swift */ = {isa = PBXFileReference; lastKnownFileType = sourcecode.swift; path = CategoryViewModel.swift; sourceTree = "<group>"; };
		D249E2A02BD13EEF00F104F6 /* CategoryListView.swift */ = {isa = PBXFileReference; lastKnownFileType = sourcecode.swift; path = CategoryListView.swift; sourceTree = "<group>"; };
		D24CA2962BD2944C00896BC6 /* MainWizardPageView.swift */ = {isa = PBXFileReference; lastKnownFileType = sourcecode.swift; path = MainWizardPageView.swift; sourceTree = "<group>"; };
		D24CA2982BD295F400896BC6 /* DataService.swift */ = {isa = PBXFileReference; lastKnownFileType = sourcecode.swift; path = DataService.swift; sourceTree = "<group>"; };
		D250D4CE2BB828EB0050638C /* Budget.swift */ = {isa = PBXFileReference; lastKnownFileType = sourcecode.swift; path = Budget.swift; sourceTree = "<group>"; };
		D2563E4F2BD7D9A800D28F65 /* CategoryListWizardView.swift */ = {isa = PBXFileReference; lastKnownFileType = sourcecode.swift; path = CategoryListWizardView.swift; sourceTree = "<group>"; };
		D258A1982C0748F30009B3D2 /* DailyProgressView.swift */ = {isa = PBXFileReference; lastKnownFileType = sourcecode.swift; path = DailyProgressView.swift; sourceTree = "<group>"; };
		D258A19A2C074FD50009B3D2 /* Array+Extension.swift */ = {isa = PBXFileReference; lastKnownFileType = sourcecode.swift; path = "Array+Extension.swift"; sourceTree = "<group>"; };
		D25A5B392BE4F8F2009618E4 /* PromptView.swift */ = {isa = PBXFileReference; lastKnownFileType = sourcecode.swift; path = PromptView.swift; sourceTree = "<group>"; };
		D25ACF952BDD1AB800D61DEA /* CustomNumericField.swift */ = {isa = PBXFileReference; lastKnownFileType = sourcecode.swift; path = CustomNumericField.swift; sourceTree = "<group>"; };
		D25AF7992BF9D787009FEDD1 /* CircularProgressView.swift */ = {isa = PBXFileReference; lastKnownFileType = sourcecode.swift; path = CircularProgressView.swift; sourceTree = "<group>"; };
		D263EC6E2BB6E9A000BA4287 /* ServiceBundle.swift */ = {isa = PBXFileReference; lastKnownFileType = sourcecode.swift; path = ServiceBundle.swift; sourceTree = "<group>"; };
		D26C11CD2C04A7D6004DB285 /* IconView.swift */ = {isa = PBXFileReference; lastKnownFileType = sourcecode.swift; path = IconView.swift; sourceTree = "<group>"; };
		D26DB1B82BEE487F00450617 /* FormTitleViewModifier.swift */ = {isa = PBXFileReference; lastKnownFileType = sourcecode.swift; path = FormTitleViewModifier.swift; sourceTree = "<group>"; };
		D2705E5A2BC01D5B003426A8 /* BudgetWizardView.swift */ = {isa = PBXFileReference; lastKnownFileType = sourcecode.swift; path = BudgetWizardView.swift; sourceTree = "<group>"; };
		D2705E5D2BC01D77003426A8 /* BudgetWizardViewModel.swift */ = {isa = PBXFileReference; lastKnownFileType = sourcecode.swift; path = BudgetWizardViewModel.swift; sourceTree = "<group>"; };
		D27483B62BFCD68A0099EA9E /* CirclularBudgetProgressView.swift */ = {isa = PBXFileReference; lastKnownFileType = sourcecode.swift; path = CirclularBudgetProgressView.swift; sourceTree = "<group>"; };
		D29C0B5E2BC815CB00ED92F2 /* BudgetOverviewView.swift */ = {isa = PBXFileReference; lastKnownFileType = sourcecode.swift; path = BudgetOverviewView.swift; sourceTree = "<group>"; };
		D29C0B602BC8164700ED92F2 /* BudgetStatsView.swift */ = {isa = PBXFileReference; lastKnownFileType = sourcecode.swift; path = BudgetStatsView.swift; sourceTree = "<group>"; };
		D2AADC082BF7845B00360CD4 /* ProgressView.swift */ = {isa = PBXFileReference; lastKnownFileType = sourcecode.swift; path = ProgressView.swift; sourceTree = "<group>"; };
		D2AF81352BE11A0B00E02DDF /* Locale+Extension.swift */ = {isa = PBXFileReference; lastKnownFileType = sourcecode.swift; path = "Locale+Extension.swift"; sourceTree = "<group>"; };
		D2B7F1982BCFE06E0003C283 /* TransactionListView.swift */ = {isa = PBXFileReference; lastKnownFileType = sourcecode.swift; path = TransactionListView.swift; sourceTree = "<group>"; };
		D2C124D52C01C07B00CD8C04 /* SettingsView.swift */ = {isa = PBXFileReference; lastKnownFileType = sourcecode.swift; path = SettingsView.swift; sourceTree = "<group>"; };
		D2C124D92C01CAF500CD8C04 /* SettingsService.swift */ = {isa = PBXFileReference; lastKnownFileType = sourcecode.swift; path = SettingsService.swift; sourceTree = "<group>"; };
		D2C58ACF2BE22B5E00F1BB03 /* ContentSizeCardView.swift */ = {isa = PBXFileReference; lastKnownFileType = sourcecode.swift; path = ContentSizeCardView.swift; sourceTree = "<group>"; };
		D2C58AD32BE22F5800F1BB03 /* CategoryTemplateSelectorView.swift */ = {isa = PBXFileReference; lastKnownFileType = sourcecode.swift; path = CategoryTemplateSelectorView.swift; sourceTree = "<group>"; };
		D2C58AD52BE230CC00F1BB03 /* Category.swift */ = {isa = PBXFileReference; lastKnownFileType = sourcecode.swift; path = Category.swift; sourceTree = "<group>"; };
		D2DEFC112BB4348600AC7CA0 /* DataContainer.xcdatamodel */ = {isa = PBXFileReference; lastKnownFileType = wrapper.xcdatamodel; path = DataContainer.xcdatamodel; sourceTree = "<group>"; };
		D2DEFC132BB4349D00AC7CA0 /* DatabaseManager.swift */ = {isa = PBXFileReference; lastKnownFileType = sourcecode.swift; path = DatabaseManager.swift; sourceTree = "<group>"; };
		D2F7685A2BC952A6001CE98C /* TransactionSheetView.swift */ = {isa = PBXFileReference; lastKnownFileType = sourcecode.swift; path = TransactionSheetView.swift; sourceTree = "<group>"; };
		D2F7685D2BC95326001CE98C /* TransactionSheetViewModel.swift */ = {isa = PBXFileReference; lastKnownFileType = sourcecode.swift; path = TransactionSheetViewModel.swift; sourceTree = "<group>"; };
/* End PBXFileReference section */

/* Begin PBXFrameworksBuildPhase section */
		D20EF2A42BB18CFA006CF8CD /* Frameworks */ = {
			isa = PBXFrameworksBuildPhase;
			buildActionMask = 2147483647;
			files = (
			);
			runOnlyForDeploymentPostprocessing = 0;
		};
		D20EF2B42BB18CFB006CF8CD /* Frameworks */ = {
			isa = PBXFrameworksBuildPhase;
			buildActionMask = 2147483647;
			files = (
			);
			runOnlyForDeploymentPostprocessing = 0;
		};
		D20EF2BE2BB18CFB006CF8CD /* Frameworks */ = {
			isa = PBXFrameworksBuildPhase;
			buildActionMask = 2147483647;
			files = (
			);
			runOnlyForDeploymentPostprocessing = 0;
		};
/* End PBXFrameworksBuildPhase section */

/* Begin PBXGroup section */
		D20EF29E2BB18CFA006CF8CD = {
			isa = PBXGroup;
			children = (
				D20EF2A92BB18CFA006CF8CD /* ExpenseLineIOS */,
				D20EF2BA2BB18CFB006CF8CD /* ExpenseLineIOSTests */,
				D20EF2C42BB18CFB006CF8CD /* ExpenseLineIOSUITests */,
				D20EF2A82BB18CFA006CF8CD /* Products */,
			);
			sourceTree = "<group>";
		};
		D20EF2A82BB18CFA006CF8CD /* Products */ = {
			isa = PBXGroup;
			children = (
				D20EF2A72BB18CFA006CF8CD /* ExpenseLineIOS.app */,
				D20EF2B72BB18CFB006CF8CD /* ExpenseLineIOSTests.xctest */,
				D20EF2C12BB18CFB006CF8CD /* ExpenseLineIOSUITests.xctest */,
			);
			name = Products;
			sourceTree = "<group>";
		};
		D20EF2A92BB18CFA006CF8CD /* ExpenseLineIOS */ = {
			isa = PBXGroup;
			children = (
				D22AB4CE2C0318B500306F5B /* countries.json */,
				D22CED992C05C0A0000C9A08 /* categories.json */,
				D22218722BDFD72600E552E4 /* Extensions */,
				D20EF2E22BB19427006CF8CD /* Models */,
				D239608D2BB2E95C0071547D /* Services */,
				D20EF2DA2BB18E9D006CF8CD /* Components */,
				D20EF2D62BB18E20006CF8CD /* Modules */,
				D20EF2AA2BB18CFA006CF8CD /* ExpenseLineIOSApp.swift */,
				D20EF2AE2BB18CFB006CF8CD /* Assets.xcassets */,
				D20EF2B02BB18CFB006CF8CD /* Preview Content */,
				D2DEFC102BB4348600AC7CA0 /* DataContainer.xcdatamodeld */,
			);
			path = ExpenseLineIOS;
			sourceTree = "<group>";
		};
		D20EF2B02BB18CFB006CF8CD /* Preview Content */ = {
			isa = PBXGroup;
			children = (
				D20EF2B12BB18CFB006CF8CD /* Preview Assets.xcassets */,
			);
			path = "Preview Content";
			sourceTree = "<group>";
		};
		D20EF2BA2BB18CFB006CF8CD /* ExpenseLineIOSTests */ = {
			isa = PBXGroup;
			children = (
				D20EF2BB2BB18CFB006CF8CD /* ExpenseLineIOSTests.swift */,
			);
			path = ExpenseLineIOSTests;
			sourceTree = "<group>";
		};
		D20EF2C42BB18CFB006CF8CD /* ExpenseLineIOSUITests */ = {
			isa = PBXGroup;
			children = (
				D20EF2C52BB18CFB006CF8CD /* ExpenseLineIOSUITests.swift */,
				D20EF2C72BB18CFB006CF8CD /* ExpenseLineIOSUITestsLaunchTests.swift */,
			);
			path = ExpenseLineIOSUITests;
			sourceTree = "<group>";
		};
		D20EF2D62BB18E20006CF8CD /* Modules */ = {
			isa = PBXGroup;
			children = (
				D250D4D02BB829950050638C /* Budgets */,
				D247B4E42BF619E8004E72A4 /* Category */,
				D2350E682BBC3592002B93A0 /* Main */,
				D26B5C262BCAB45400371E41 /* List */,
				D2C124D42C01C03B00CD8C04 /* Settings */,
				D2705E592BC01D45003426A8 /* Wizard */,
				D2F7685C2BC952F7001CE98C /* Transactions */,
				D2246B3B2BBAD67B00556936 /* AppState.swift */,
			);
			path = Modules;
			sourceTree = "<group>";
		};
		D20EF2DA2BB18E9D006CF8CD /* Components */ = {
			isa = PBXGroup;
			children = (
				D20EF2DB2BB18EB6006CF8CD /* AddExpenseButton.swift */,
				D20EF2E92BB19ADD006CF8CD /* ToolButton.swift */,
				D25ACF952BDD1AB800D61DEA /* CustomNumericField.swift */,
				D2C58ACF2BE22B5E00F1BB03 /* ContentSizeCardView.swift */,
				D219D9932BE3A69700943018 /* FlexibleCardView.swift */,
				D25A5B392BE4F8F2009618E4 /* PromptView.swift */,
				D26DB1B82BEE487F00450617 /* FormTitleViewModifier.swift */,
				D2AADC082BF7845B00360CD4 /* ProgressView.swift */,
				D25AF7992BF9D787009FEDD1 /* CircularProgressView.swift */,
				D27483B62BFCD68A0099EA9E /* CirclularBudgetProgressView.swift */,
				D26C11CD2C04A7D6004DB285 /* IconView.swift */,
				D258A1982C0748F30009B3D2 /* DailyProgressView.swift */,
			);
			path = Components;
			sourceTree = "<group>";
		};
		D20EF2E22BB19427006CF8CD /* Models */ = {
			isa = PBXGroup;
			children = (
				D250D4CE2BB828EB0050638C /* Budget.swift */,
				D2C58AD52BE230CC00F1BB03 /* Category.swift */,
				D221C0892BE758170096DF89 /* Currency.swift */,
				D20EF2E32BB19436006CF8CD /* Transaction.swift */,
				D23B85162BF22E8300A62196 /* Period.swift */,
			);
			path = Models;
			sourceTree = "<group>";
		};
		D22218722BDFD72600E552E4 /* Extensions */ = {
			isa = PBXGroup;
			children = (
				D22218732BDFD73D00E552E4 /* String+Extension.swift */,
				D2AF81352BE11A0B00E02DDF /* Locale+Extension.swift */,
				D23416CA2BE616E4000178FB /* Color+Extension.swift */,
				D221C0852BE755000096DF89 /* Date+Extension.swift */,
				D244C0712BFB74530015EA61 /* Celendar+Extension.swift */,
				D258A19A2C074FD50009B3D2 /* Array+Extension.swift */,
			);
			path = Extensions;
			sourceTree = "<group>";
		};
		D22EC4202BD8E927003E1D48 /* Components */ = {
			isa = PBXGroup;
			children = (
				D2370CD52BDA702000B75B4D /* WizzardNextButton.swift */,
			);
			path = Components;
			sourceTree = "<group>";
		};
		D2350E682BBC3592002B93A0 /* Main */ = {
			isa = PBXGroup;
			children = (
				D2350E692BBC35A0002B93A0 /* MainView.swift */,
			);
			path = Main;
			sourceTree = "<group>";
		};
		D239608D2BB2E95C0071547D /* Services */ = {
			isa = PBXGroup;
			children = (
				D2DEFC132BB4349D00AC7CA0 /* DatabaseManager.swift */,
				D263EC6E2BB6E9A000BA4287 /* ServiceBundle.swift */,
				D23EE3322BC66B7C0088B246 /* BudgetService.swift */,
				D24CA2982BD295F400896BC6 /* DataService.swift */,
				D2C124D92C01CAF500CD8C04 /* SettingsService.swift */,
				D22E5F072C0893B100DE7DE3 /* NotificationService.swift */,
			);
			path = Services;
			sourceTree = "<group>";
		};
		D23B85182BF2358300A62196 /* Subviews */ = {
			isa = PBXGroup;
			children = (
				D29C0B5E2BC815CB00ED92F2 /* BudgetOverviewView.swift */,
				D29C0B602BC8164700ED92F2 /* BudgetStatsView.swift */,
				D2B7F1982BCFE06E0003C283 /* TransactionListView.swift */,
				D249E2A02BD13EEF00F104F6 /* CategoryListView.swift */,
				D23B85192BF235D600A62196 /* PeriodListView.swift */,
			);
			path = Subviews;
			sourceTree = "<group>";
		};
		D247B4E42BF619E8004E72A4 /* Category */ = {
			isa = PBXGroup;
			children = (
				D247B4E52BF619F7004E72A4 /* CategoryView.swift */,
				D247B4E72BF61A08004E72A4 /* CategoryViewModel.swift */,
			);
			path = Category;
			sourceTree = "<group>";
		};
		D24CA2952BD2942200896BC6 /* Subviews */ = {
			isa = PBXGroup;
			children = (
				D24CA2962BD2944C00896BC6 /* MainWizardPageView.swift */,
				D2563E4F2BD7D9A800D28F65 /* CategoryListWizardView.swift */,
				D23126A62BC2799C0008BDD6 /* EditCategorySheet.swift */,
				D2C58AD32BE22F5800F1BB03 /* CategoryTemplateSelectorView.swift */,
				D221C0872BE757200096DF89 /* CurrencySelectorSheet.swift */,
				D226FB0A2BED175000B54654 /* OutcomePageWizardView.swift */,
				D226FB0D2BED1EE100B54654 /* BudgetShortSummaryView.swift */,
			);
			path = Subviews;
			sourceTree = "<group>";
		};
		D250D4D02BB829950050638C /* Budgets */ = {
			isa = PBXGroup;
			children = (
				D23B85182BF2358300A62196 /* Subviews */,
				D20EF2D42BB18DFA006CF8CD /* BudgetView.swift */,
				D20EF2E02BB193FD006CF8CD /* BudgetViewModel.swift */,
			);
			path = Budgets;
			sourceTree = "<group>";
		};
		D26B5C262BCAB45400371E41 /* List */ = {
			isa = PBXGroup;
			children = (
				D2246B372BBACC3500556936 /* BudgetListView.swift */,
				D2246B392BBACC4B00556936 /* BudgetListViewModel.swift */,
			);
			path = List;
			sourceTree = "<group>";
		};
		D2705E592BC01D45003426A8 /* Wizard */ = {
			isa = PBXGroup;
			children = (
				D22EC4202BD8E927003E1D48 /* Components */,
				D24CA2952BD2942200896BC6 /* Subviews */,
				D2705E5A2BC01D5B003426A8 /* BudgetWizardView.swift */,
				D2705E5D2BC01D77003426A8 /* BudgetWizardViewModel.swift */,
			);
			path = Wizard;
			sourceTree = "<group>";
		};
		D2C124D42C01C03B00CD8C04 /* Settings */ = {
			isa = PBXGroup;
			children = (
				D2C124D52C01C07B00CD8C04 /* SettingsView.swift */,
			);
			path = Settings;
			sourceTree = "<group>";
		};
		D2F7685C2BC952F7001CE98C /* Transactions */ = {
			isa = PBXGroup;
			children = (
				D2F7685A2BC952A6001CE98C /* TransactionSheetView.swift */,
				D2F7685D2BC95326001CE98C /* TransactionSheetViewModel.swift */,
			);
			path = Transactions;
			sourceTree = "<group>";
		};
/* End PBXGroup section */

/* Begin PBXNativeTarget section */
		D20EF2A62BB18CFA006CF8CD /* ExpenseLineIOS */ = {
			isa = PBXNativeTarget;
			buildConfigurationList = D20EF2CB2BB18CFB006CF8CD /* Build configuration list for PBXNativeTarget "ExpenseLineIOS" */;
			buildPhases = (
				D20EF2A32BB18CFA006CF8CD /* Sources */,
				D20EF2A42BB18CFA006CF8CD /* Frameworks */,
				D20EF2A52BB18CFA006CF8CD /* Resources */,
			);
			buildRules = (
			);
			dependencies = (
			);
			name = ExpenseLineIOS;
			packageProductDependencies = (
			);
			productName = ExpenseLineIOS;
			productReference = D20EF2A72BB18CFA006CF8CD /* ExpenseLineIOS.app */;
			productType = "com.apple.product-type.application";
		};
		D20EF2B62BB18CFB006CF8CD /* ExpenseLineIOSTests */ = {
			isa = PBXNativeTarget;
			buildConfigurationList = D20EF2CE2BB18CFB006CF8CD /* Build configuration list for PBXNativeTarget "ExpenseLineIOSTests" */;
			buildPhases = (
				D20EF2B32BB18CFB006CF8CD /* Sources */,
				D20EF2B42BB18CFB006CF8CD /* Frameworks */,
				D20EF2B52BB18CFB006CF8CD /* Resources */,
			);
			buildRules = (
			);
			dependencies = (
				D20EF2B92BB18CFB006CF8CD /* PBXTargetDependency */,
			);
			name = ExpenseLineIOSTests;
			productName = ExpenseLineIOSTests;
			productReference = D20EF2B72BB18CFB006CF8CD /* ExpenseLineIOSTests.xctest */;
			productType = "com.apple.product-type.bundle.unit-test";
		};
		D20EF2C02BB18CFB006CF8CD /* ExpenseLineIOSUITests */ = {
			isa = PBXNativeTarget;
			buildConfigurationList = D20EF2D12BB18CFB006CF8CD /* Build configuration list for PBXNativeTarget "ExpenseLineIOSUITests" */;
			buildPhases = (
				D20EF2BD2BB18CFB006CF8CD /* Sources */,
				D20EF2BE2BB18CFB006CF8CD /* Frameworks */,
				D20EF2BF2BB18CFB006CF8CD /* Resources */,
			);
			buildRules = (
			);
			dependencies = (
				D20EF2C32BB18CFB006CF8CD /* PBXTargetDependency */,
			);
			name = ExpenseLineIOSUITests;
			productName = ExpenseLineIOSUITests;
			productReference = D20EF2C12BB18CFB006CF8CD /* ExpenseLineIOSUITests.xctest */;
			productType = "com.apple.product-type.bundle.ui-testing";
		};
/* End PBXNativeTarget section */

/* Begin PBXProject section */
		D20EF29F2BB18CFA006CF8CD /* Project object */ = {
			isa = PBXProject;
			attributes = {
				BuildIndependentTargetsInParallel = 1;
				LastSwiftUpdateCheck = 1520;
				LastUpgradeCheck = 1520;
				TargetAttributes = {
					D20EF2A62BB18CFA006CF8CD = {
						CreatedOnToolsVersion = 15.2;
					};
					D20EF2B62BB18CFB006CF8CD = {
						CreatedOnToolsVersion = 15.2;
						TestTargetID = D20EF2A62BB18CFA006CF8CD;
					};
					D20EF2C02BB18CFB006CF8CD = {
						CreatedOnToolsVersion = 15.2;
						TestTargetID = D20EF2A62BB18CFA006CF8CD;
					};
				};
			};
			buildConfigurationList = D20EF2A22BB18CFA006CF8CD /* Build configuration list for PBXProject "ExpenseLineIOS" */;
			compatibilityVersion = "Xcode 14.0";
			developmentRegion = en;
			hasScannedForEncodings = 0;
			knownRegions = (
				en,
				Base,
			);
			mainGroup = D20EF29E2BB18CFA006CF8CD;
			packageReferences = (
			);
			productRefGroup = D20EF2A82BB18CFA006CF8CD /* Products */;
			projectDirPath = "";
			projectRoot = "";
			targets = (
				D20EF2A62BB18CFA006CF8CD /* ExpenseLineIOS */,
				D20EF2B62BB18CFB006CF8CD /* ExpenseLineIOSTests */,
				D20EF2C02BB18CFB006CF8CD /* ExpenseLineIOSUITests */,
			);
		};
/* End PBXProject section */

/* Begin PBXResourcesBuildPhase section */
		D20EF2A52BB18CFA006CF8CD /* Resources */ = {
			isa = PBXResourcesBuildPhase;
			buildActionMask = 2147483647;
			files = (
				D22AB4CF2C0318B500306F5B /* countries.json in Resources */,
				D22CED9A2C05C0A0000C9A08 /* categories.json in Resources */,
				D20EF2B22BB18CFB006CF8CD /* Preview Assets.xcassets in Resources */,
				D20EF2AF2BB18CFB006CF8CD /* Assets.xcassets in Resources */,
			);
			runOnlyForDeploymentPostprocessing = 0;
		};
		D20EF2B52BB18CFB006CF8CD /* Resources */ = {
			isa = PBXResourcesBuildPhase;
			buildActionMask = 2147483647;
			files = (
			);
			runOnlyForDeploymentPostprocessing = 0;
		};
		D20EF2BF2BB18CFB006CF8CD /* Resources */ = {
			isa = PBXResourcesBuildPhase;
			buildActionMask = 2147483647;
			files = (
			);
			runOnlyForDeploymentPostprocessing = 0;
		};
/* End PBXResourcesBuildPhase section */

/* Begin PBXSourcesBuildPhase section */
		D20EF2A32BB18CFA006CF8CD /* Sources */ = {
			isa = PBXSourcesBuildPhase;
			buildActionMask = 2147483647;
			files = (
				D2C124DA2C01CAF500CD8C04 /* SettingsService.swift in Sources */,
				D2DEFC142BB4349D00AC7CA0 /* DatabaseManager.swift in Sources */,
				D22218742BDFD73D00E552E4 /* String+Extension.swift in Sources */,
				D2F7685E2BC95326001CE98C /* TransactionSheetViewModel.swift in Sources */,
				D25A5B3A2BE4F8F2009618E4 /* PromptView.swift in Sources */,
				D2AADC092BF7845B00360CD4 /* ProgressView.swift in Sources */,
				D2AF81362BE11A0B00E02DDF /* Locale+Extension.swift in Sources */,
				D22E5F082C0893B100DE7DE3 /* NotificationService.swift in Sources */,
				D226FB0E2BED1EE100B54654 /* BudgetShortSummaryView.swift in Sources */,
				D23126A72BC2799C0008BDD6 /* EditCategorySheet.swift in Sources */,
				D25ACF962BDD1AB800D61DEA /* CustomNumericField.swift in Sources */,
				D244C0722BFB74530015EA61 /* Celendar+Extension.swift in Sources */,
				D2350E6A2BBC35A0002B93A0 /* MainView.swift in Sources */,
				D29C0B612BC8164700ED92F2 /* BudgetStatsView.swift in Sources */,
				D26C11CE2C04A7D6004DB285 /* IconView.swift in Sources */,
				D2F7685B2BC952A6001CE98C /* TransactionSheetView.swift in Sources */,
				D250D4CF2BB828EB0050638C /* Budget.swift in Sources */,
				D20EF2E12BB193FD006CF8CD /* BudgetViewModel.swift in Sources */,
				D221C0862BE755000096DF89 /* Date+Extension.swift in Sources */,
				D247B4E62BF619F7004E72A4 /* CategoryView.swift in Sources */,
				D2C58AD42BE22F5800F1BB03 /* CategoryTemplateSelectorView.swift in Sources */,
				D23B851A2BF235D600A62196 /* PeriodListView.swift in Sources */,
				D221C08A2BE758170096DF89 /* Currency.swift in Sources */,
				D2246B3A2BBACC4B00556936 /* BudgetListViewModel.swift in Sources */,
				D24CA2992BD295F400896BC6 /* DataService.swift in Sources */,
				D2DEFC122BB4348600AC7CA0 /* DataContainer.xcdatamodeld in Sources */,
				D2B7F1992BCFE06E0003C283 /* TransactionListView.swift in Sources */,
				D29C0B5F2BC815CB00ED92F2 /* BudgetOverviewView.swift in Sources */,
				D2563E502BD7D9A800D28F65 /* CategoryListWizardView.swift in Sources */,
				D20EF2E42BB19436006CF8CD /* Transaction.swift in Sources */,
				D20EF2D52BB18DFA006CF8CD /* BudgetView.swift in Sources */,
				D2705E5E2BC01D77003426A8 /* BudgetWizardViewModel.swift in Sources */,
				D23EE3332BC66B7C0088B246 /* BudgetService.swift in Sources */,
				D247B4E82BF61A08004E72A4 /* CategoryViewModel.swift in Sources */,
				D20EF2DC2BB18EB6006CF8CD /* AddExpenseButton.swift in Sources */,
				D27483B72BFCD68A0099EA9E /* CirclularBudgetProgressView.swift in Sources */,
				D219D9942BE3A69700943018 /* FlexibleCardView.swift in Sources */,
				D2246B3C2BBAD67B00556936 /* AppState.swift in Sources */,
				D2370CD62BDA702000B75B4D /* WizzardNextButton.swift in Sources */,
				D226FB0B2BED175000B54654 /* OutcomePageWizardView.swift in Sources */,
				D258A19B2C074FD50009B3D2 /* Array+Extension.swift in Sources */,
				D221C0882BE757200096DF89 /* CurrencySelectorSheet.swift in Sources */,
				D26DB1B92BEE487F00450617 /* FormTitleViewModifier.swift in Sources */,
				D2705E5B2BC01D5B003426A8 /* BudgetWizardView.swift in Sources */,
				D23416CB2BE616E4000178FB /* Color+Extension.swift in Sources */,
				D20EF2AB2BB18CFA006CF8CD /* ExpenseLineIOSApp.swift in Sources */,
				D2246B382BBACC3500556936 /* BudgetListView.swift in Sources */,
				D20EF2EA2BB19ADD006CF8CD /* ToolButton.swift in Sources */,
				D24CA2972BD2944C00896BC6 /* MainWizardPageView.swift in Sources */,
				D23B85172BF22E8300A62196 /* Period.swift in Sources */,
				D2C58AD62BE230CC00F1BB03 /* Category.swift in Sources */,
				D2C124D62C01C07B00CD8C04 /* SettingsView.swift in Sources */,
				D249E2A12BD13EEF00F104F6 /* CategoryListView.swift in Sources */,
				D258A1992C0748F30009B3D2 /* DailyProgressView.swift in Sources */,
				D263EC6F2BB6E9A000BA4287 /* ServiceBundle.swift in Sources */,
				D25AF79A2BF9D787009FEDD1 /* CircularProgressView.swift in Sources */,
				D2C58AD02BE22B5E00F1BB03 /* ContentSizeCardView.swift in Sources */,
			);
			runOnlyForDeploymentPostprocessing = 0;
		};
		D20EF2B32BB18CFB006CF8CD /* Sources */ = {
			isa = PBXSourcesBuildPhase;
			buildActionMask = 2147483647;
			files = (
				D20EF2BC2BB18CFB006CF8CD /* ExpenseLineIOSTests.swift in Sources */,
			);
			runOnlyForDeploymentPostprocessing = 0;
		};
		D20EF2BD2BB18CFB006CF8CD /* Sources */ = {
			isa = PBXSourcesBuildPhase;
			buildActionMask = 2147483647;
			files = (
				D20EF2C62BB18CFB006CF8CD /* ExpenseLineIOSUITests.swift in Sources */,
				D20EF2C82BB18CFB006CF8CD /* ExpenseLineIOSUITestsLaunchTests.swift in Sources */,
			);
			runOnlyForDeploymentPostprocessing = 0;
		};
/* End PBXSourcesBuildPhase section */

/* Begin PBXTargetDependency section */
		D20EF2B92BB18CFB006CF8CD /* PBXTargetDependency */ = {
			isa = PBXTargetDependency;
			target = D20EF2A62BB18CFA006CF8CD /* ExpenseLineIOS */;
			targetProxy = D20EF2B82BB18CFB006CF8CD /* PBXContainerItemProxy */;
		};
		D20EF2C32BB18CFB006CF8CD /* PBXTargetDependency */ = {
			isa = PBXTargetDependency;
			target = D20EF2A62BB18CFA006CF8CD /* ExpenseLineIOS */;
			targetProxy = D20EF2C22BB18CFB006CF8CD /* PBXContainerItemProxy */;
		};
/* End PBXTargetDependency section */

/* Begin XCBuildConfiguration section */
		D20EF2C92BB18CFB006CF8CD /* Debug */ = {
			isa = XCBuildConfiguration;
			buildSettings = {
				ALWAYS_SEARCH_USER_PATHS = NO;
				ASSETCATALOG_COMPILER_GENERATE_SWIFT_ASSET_SYMBOL_EXTENSIONS = YES;
				CLANG_ANALYZER_NONNULL = YES;
				CLANG_ANALYZER_NUMBER_OBJECT_CONVERSION = YES_AGGRESSIVE;
				CLANG_CXX_LANGUAGE_STANDARD = "gnu++20";
				CLANG_ENABLE_MODULES = YES;
				CLANG_ENABLE_OBJC_ARC = YES;
				CLANG_ENABLE_OBJC_WEAK = YES;
				CLANG_WARN_BLOCK_CAPTURE_AUTORELEASING = YES;
				CLANG_WARN_BOOL_CONVERSION = YES;
				CLANG_WARN_COMMA = YES;
				CLANG_WARN_CONSTANT_CONVERSION = YES;
				CLANG_WARN_DEPRECATED_OBJC_IMPLEMENTATIONS = YES;
				CLANG_WARN_DIRECT_OBJC_ISA_USAGE = YES_ERROR;
				CLANG_WARN_DOCUMENTATION_COMMENTS = YES;
				CLANG_WARN_EMPTY_BODY = YES;
				CLANG_WARN_ENUM_CONVERSION = YES;
				CLANG_WARN_INFINITE_RECURSION = YES;
				CLANG_WARN_INT_CONVERSION = YES;
				CLANG_WARN_NON_LITERAL_NULL_CONVERSION = YES;
				CLANG_WARN_OBJC_IMPLICIT_RETAIN_SELF = YES;
				CLANG_WARN_OBJC_LITERAL_CONVERSION = YES;
				CLANG_WARN_OBJC_ROOT_CLASS = YES_ERROR;
				CLANG_WARN_QUOTED_INCLUDE_IN_FRAMEWORK_HEADER = YES;
				CLANG_WARN_RANGE_LOOP_ANALYSIS = YES;
				CLANG_WARN_STRICT_PROTOTYPES = YES;
				CLANG_WARN_SUSPICIOUS_MOVE = YES;
				CLANG_WARN_UNGUARDED_AVAILABILITY = YES_AGGRESSIVE;
				CLANG_WARN_UNREACHABLE_CODE = YES;
				CLANG_WARN__DUPLICATE_METHOD_MATCH = YES;
				COPY_PHASE_STRIP = NO;
				DEBUG_INFORMATION_FORMAT = dwarf;
				ENABLE_STRICT_OBJC_MSGSEND = YES;
				ENABLE_TESTABILITY = YES;
				ENABLE_USER_SCRIPT_SANDBOXING = YES;
				GCC_C_LANGUAGE_STANDARD = gnu17;
				GCC_DYNAMIC_NO_PIC = NO;
				GCC_NO_COMMON_BLOCKS = YES;
				GCC_OPTIMIZATION_LEVEL = 0;
				GCC_PREPROCESSOR_DEFINITIONS = (
					"DEBUG=1",
					"$(inherited)",
				);
				GCC_WARN_64_TO_32_BIT_CONVERSION = YES;
				GCC_WARN_ABOUT_RETURN_TYPE = YES_ERROR;
				GCC_WARN_UNDECLARED_SELECTOR = YES;
				GCC_WARN_UNINITIALIZED_AUTOS = YES_AGGRESSIVE;
				GCC_WARN_UNUSED_FUNCTION = YES;
				GCC_WARN_UNUSED_VARIABLE = YES;
				IPHONEOS_DEPLOYMENT_TARGET = 16.0;
				LOCALIZATION_PREFERS_STRING_CATALOGS = YES;
				MTL_ENABLE_DEBUG_INFO = INCLUDE_SOURCE;
				MTL_FAST_MATH = YES;
				ONLY_ACTIVE_ARCH = YES;
				SDKROOT = iphoneos;
				SWIFT_ACTIVE_COMPILATION_CONDITIONS = "DEBUG $(inherited)";
				SWIFT_OPTIMIZATION_LEVEL = "-Onone";
			};
			name = Debug;
		};
		D20EF2CA2BB18CFB006CF8CD /* Release */ = {
			isa = XCBuildConfiguration;
			buildSettings = {
				ALWAYS_SEARCH_USER_PATHS = NO;
				ASSETCATALOG_COMPILER_GENERATE_SWIFT_ASSET_SYMBOL_EXTENSIONS = YES;
				CLANG_ANALYZER_NONNULL = YES;
				CLANG_ANALYZER_NUMBER_OBJECT_CONVERSION = YES_AGGRESSIVE;
				CLANG_CXX_LANGUAGE_STANDARD = "gnu++20";
				CLANG_ENABLE_MODULES = YES;
				CLANG_ENABLE_OBJC_ARC = YES;
				CLANG_ENABLE_OBJC_WEAK = YES;
				CLANG_WARN_BLOCK_CAPTURE_AUTORELEASING = YES;
				CLANG_WARN_BOOL_CONVERSION = YES;
				CLANG_WARN_COMMA = YES;
				CLANG_WARN_CONSTANT_CONVERSION = YES;
				CLANG_WARN_DEPRECATED_OBJC_IMPLEMENTATIONS = YES;
				CLANG_WARN_DIRECT_OBJC_ISA_USAGE = YES_ERROR;
				CLANG_WARN_DOCUMENTATION_COMMENTS = YES;
				CLANG_WARN_EMPTY_BODY = YES;
				CLANG_WARN_ENUM_CONVERSION = YES;
				CLANG_WARN_INFINITE_RECURSION = YES;
				CLANG_WARN_INT_CONVERSION = YES;
				CLANG_WARN_NON_LITERAL_NULL_CONVERSION = YES;
				CLANG_WARN_OBJC_IMPLICIT_RETAIN_SELF = YES;
				CLANG_WARN_OBJC_LITERAL_CONVERSION = YES;
				CLANG_WARN_OBJC_ROOT_CLASS = YES_ERROR;
				CLANG_WARN_QUOTED_INCLUDE_IN_FRAMEWORK_HEADER = YES;
				CLANG_WARN_RANGE_LOOP_ANALYSIS = YES;
				CLANG_WARN_STRICT_PROTOTYPES = YES;
				CLANG_WARN_SUSPICIOUS_MOVE = YES;
				CLANG_WARN_UNGUARDED_AVAILABILITY = YES_AGGRESSIVE;
				CLANG_WARN_UNREACHABLE_CODE = YES;
				CLANG_WARN__DUPLICATE_METHOD_MATCH = YES;
				COPY_PHASE_STRIP = NO;
				DEBUG_INFORMATION_FORMAT = "dwarf-with-dsym";
				ENABLE_NS_ASSERTIONS = NO;
				ENABLE_STRICT_OBJC_MSGSEND = YES;
				ENABLE_USER_SCRIPT_SANDBOXING = YES;
				GCC_C_LANGUAGE_STANDARD = gnu17;
				GCC_NO_COMMON_BLOCKS = YES;
				GCC_WARN_64_TO_32_BIT_CONVERSION = YES;
				GCC_WARN_ABOUT_RETURN_TYPE = YES_ERROR;
				GCC_WARN_UNDECLARED_SELECTOR = YES;
				GCC_WARN_UNINITIALIZED_AUTOS = YES_AGGRESSIVE;
				GCC_WARN_UNUSED_FUNCTION = YES;
				GCC_WARN_UNUSED_VARIABLE = YES;
				IPHONEOS_DEPLOYMENT_TARGET = 16.0;
				LOCALIZATION_PREFERS_STRING_CATALOGS = YES;
				MTL_ENABLE_DEBUG_INFO = NO;
				MTL_FAST_MATH = YES;
				SDKROOT = iphoneos;
				SWIFT_COMPILATION_MODE = wholemodule;
				VALIDATE_PRODUCT = YES;
			};
			name = Release;
		};
		D20EF2CC2BB18CFB006CF8CD /* Debug */ = {
			isa = XCBuildConfiguration;
			buildSettings = {
				ASSETCATALOG_COMPILER_APPICON_NAME = AppIcon;
				ASSETCATALOG_COMPILER_GLOBAL_ACCENT_COLOR_NAME = AccentColor;
				CODE_SIGN_STYLE = Automatic;
				CURRENT_PROJECT_VERSION = 1;
				DEVELOPMENT_ASSET_PATHS = "\"ExpenseLineIOS/Preview Content\"";
				DEVELOPMENT_TEAM = N27LL4XQG6;
				ENABLE_PREVIEWS = YES;
				GENERATE_INFOPLIST_FILE = YES;
				INFOPLIST_KEY_UIApplicationSceneManifest_Generation = YES;
				INFOPLIST_KEY_UIApplicationSupportsIndirectInputEvents = YES;
				INFOPLIST_KEY_UILaunchScreen_Generation = YES;
				INFOPLIST_KEY_UISupportedInterfaceOrientations_iPad = "UIInterfaceOrientationPortrait UIInterfaceOrientationPortraitUpsideDown UIInterfaceOrientationLandscapeLeft UIInterfaceOrientationLandscapeRight";
				INFOPLIST_KEY_UISupportedInterfaceOrientations_iPhone = "UIInterfaceOrientationPortrait UIInterfaceOrientationLandscapeLeft UIInterfaceOrientationLandscapeRight";
				LD_RUNPATH_SEARCH_PATHS = (
					"$(inherited)",
					"@executable_path/Frameworks",
				);
				MARKETING_VERSION = 1.0;
				PRODUCT_BUNDLE_IDENTIFIER = com.github.antonaby.ExpenseLineIOS;
				PRODUCT_NAME = "$(TARGET_NAME)";
				SWIFT_EMIT_LOC_STRINGS = YES;
				SWIFT_VERSION = 5.0;
				TARGETED_DEVICE_FAMILY = "1,2";
			};
			name = Debug;
		};
		D20EF2CD2BB18CFB006CF8CD /* Release */ = {
			isa = XCBuildConfiguration;
			buildSettings = {
				ASSETCATALOG_COMPILER_APPICON_NAME = AppIcon;
				ASSETCATALOG_COMPILER_GLOBAL_ACCENT_COLOR_NAME = AccentColor;
				CODE_SIGN_STYLE = Automatic;
				CURRENT_PROJECT_VERSION = 1;
				DEVELOPMENT_ASSET_PATHS = "\"ExpenseLineIOS/Preview Content\"";
				DEVELOPMENT_TEAM = N27LL4XQG6;
				ENABLE_PREVIEWS = YES;
				GENERATE_INFOPLIST_FILE = YES;
				INFOPLIST_KEY_UIApplicationSceneManifest_Generation = YES;
				INFOPLIST_KEY_UIApplicationSupportsIndirectInputEvents = YES;
				INFOPLIST_KEY_UILaunchScreen_Generation = YES;
				INFOPLIST_KEY_UISupportedInterfaceOrientations_iPad = "UIInterfaceOrientationPortrait UIInterfaceOrientationPortraitUpsideDown UIInterfaceOrientationLandscapeLeft UIInterfaceOrientationLandscapeRight";
				INFOPLIST_KEY_UISupportedInterfaceOrientations_iPhone = "UIInterfaceOrientationPortrait UIInterfaceOrientationLandscapeLeft UIInterfaceOrientationLandscapeRight";
				LD_RUNPATH_SEARCH_PATHS = (
					"$(inherited)",
					"@executable_path/Frameworks",
				);
				MARKETING_VERSION = 1.0;
				PRODUCT_BUNDLE_IDENTIFIER = com.github.antonaby.ExpenseLineIOS;
				PRODUCT_NAME = "$(TARGET_NAME)";
				SWIFT_EMIT_LOC_STRINGS = YES;
				SWIFT_VERSION = 5.0;
				TARGETED_DEVICE_FAMILY = "1,2";
			};
			name = Release;
		};
		D20EF2CF2BB18CFB006CF8CD /* Debug */ = {
			isa = XCBuildConfiguration;
			buildSettings = {
				ALWAYS_EMBED_SWIFT_STANDARD_LIBRARIES = YES;
				BUNDLE_LOADER = "$(TEST_HOST)";
				CODE_SIGN_STYLE = Automatic;
				CURRENT_PROJECT_VERSION = 1;
				DEVELOPMENT_TEAM = N27LL4XQG6;
				GENERATE_INFOPLIST_FILE = YES;
				IPHONEOS_DEPLOYMENT_TARGET = 17.2;
				MARKETING_VERSION = 1.0;
				PRODUCT_BUNDLE_IDENTIFIER = com.github.antonaby.ExpenseLineIOSTests;
				PRODUCT_NAME = "$(TARGET_NAME)";
				SWIFT_EMIT_LOC_STRINGS = NO;
				SWIFT_VERSION = 5.0;
				TARGETED_DEVICE_FAMILY = "1,2";
				TEST_HOST = "$(BUILT_PRODUCTS_DIR)/ExpenseLineIOS.app/$(BUNDLE_EXECUTABLE_FOLDER_PATH)/ExpenseLineIOS";
			};
			name = Debug;
		};
		D20EF2D02BB18CFB006CF8CD /* Release */ = {
			isa = XCBuildConfiguration;
			buildSettings = {
				ALWAYS_EMBED_SWIFT_STANDARD_LIBRARIES = YES;
				BUNDLE_LOADER = "$(TEST_HOST)";
				CODE_SIGN_STYLE = Automatic;
				CURRENT_PROJECT_VERSION = 1;
				DEVELOPMENT_TEAM = N27LL4XQG6;
				GENERATE_INFOPLIST_FILE = YES;
				IPHONEOS_DEPLOYMENT_TARGET = 17.2;
				MARKETING_VERSION = 1.0;
				PRODUCT_BUNDLE_IDENTIFIER = com.github.antonaby.ExpenseLineIOSTests;
				PRODUCT_NAME = "$(TARGET_NAME)";
				SWIFT_EMIT_LOC_STRINGS = NO;
				SWIFT_VERSION = 5.0;
				TARGETED_DEVICE_FAMILY = "1,2";
				TEST_HOST = "$(BUILT_PRODUCTS_DIR)/ExpenseLineIOS.app/$(BUNDLE_EXECUTABLE_FOLDER_PATH)/ExpenseLineIOS";
			};
			name = Release;
		};
		D20EF2D22BB18CFB006CF8CD /* Debug */ = {
			isa = XCBuildConfiguration;
			buildSettings = {
				ALWAYS_EMBED_SWIFT_STANDARD_LIBRARIES = YES;
				CODE_SIGN_STYLE = Automatic;
				CURRENT_PROJECT_VERSION = 1;
				DEVELOPMENT_TEAM = N27LL4XQG6;
				GENERATE_INFOPLIST_FILE = YES;
				MARKETING_VERSION = 1.0;
				PRODUCT_BUNDLE_IDENTIFIER = com.github.antonaby.ExpenseLineIOSUITests;
				PRODUCT_NAME = "$(TARGET_NAME)";
				SWIFT_EMIT_LOC_STRINGS = NO;
				SWIFT_VERSION = 5.0;
				TARGETED_DEVICE_FAMILY = "1,2";
				TEST_TARGET_NAME = ExpenseLineIOS;
			};
			name = Debug;
		};
		D20EF2D32BB18CFB006CF8CD /* Release */ = {
			isa = XCBuildConfiguration;
			buildSettings = {
				ALWAYS_EMBED_SWIFT_STANDARD_LIBRARIES = YES;
				CODE_SIGN_STYLE = Automatic;
				CURRENT_PROJECT_VERSION = 1;
				DEVELOPMENT_TEAM = N27LL4XQG6;
				GENERATE_INFOPLIST_FILE = YES;
				MARKETING_VERSION = 1.0;
				PRODUCT_BUNDLE_IDENTIFIER = com.github.antonaby.ExpenseLineIOSUITests;
				PRODUCT_NAME = "$(TARGET_NAME)";
				SWIFT_EMIT_LOC_STRINGS = NO;
				SWIFT_VERSION = 5.0;
				TARGETED_DEVICE_FAMILY = "1,2";
				TEST_TARGET_NAME = ExpenseLineIOS;
			};
			name = Release;
		};
/* End XCBuildConfiguration section */

/* Begin XCConfigurationList section */
		D20EF2A22BB18CFA006CF8CD /* Build configuration list for PBXProject "ExpenseLineIOS" */ = {
			isa = XCConfigurationList;
			buildConfigurations = (
				D20EF2C92BB18CFB006CF8CD /* Debug */,
				D20EF2CA2BB18CFB006CF8CD /* Release */,
			);
			defaultConfigurationIsVisible = 0;
			defaultConfigurationName = Release;
		};
		D20EF2CB2BB18CFB006CF8CD /* Build configuration list for PBXNativeTarget "ExpenseLineIOS" */ = {
			isa = XCConfigurationList;
			buildConfigurations = (
				D20EF2CC2BB18CFB006CF8CD /* Debug */,
				D20EF2CD2BB18CFB006CF8CD /* Release */,
			);
			defaultConfigurationIsVisible = 0;
			defaultConfigurationName = Release;
		};
		D20EF2CE2BB18CFB006CF8CD /* Build configuration list for PBXNativeTarget "ExpenseLineIOSTests" */ = {
			isa = XCConfigurationList;
			buildConfigurations = (
				D20EF2CF2BB18CFB006CF8CD /* Debug */,
				D20EF2D02BB18CFB006CF8CD /* Release */,
			);
			defaultConfigurationIsVisible = 0;
			defaultConfigurationName = Release;
		};
		D20EF2D12BB18CFB006CF8CD /* Build configuration list for PBXNativeTarget "ExpenseLineIOSUITests" */ = {
			isa = XCConfigurationList;
			buildConfigurations = (
				D20EF2D22BB18CFB006CF8CD /* Debug */,
				D20EF2D32BB18CFB006CF8CD /* Release */,
			);
			defaultConfigurationIsVisible = 0;
			defaultConfigurationName = Release;
		};
/* End XCConfigurationList section */

/* Begin XCVersionGroup section */
		D2DEFC102BB4348600AC7CA0 /* DataContainer.xcdatamodeld */ = {
			isa = XCVersionGroup;
			children = (
				D2DEFC112BB4348600AC7CA0 /* DataContainer.xcdatamodel */,
			);
			currentVersion = D2DEFC112BB4348600AC7CA0 /* DataContainer.xcdatamodel */;
			name = DataContainer.xcdatamodeld;
			path = /Users/antonabyshev/repos/ExpenseLineIOS/ExpenseLineIOS/DataContainer.xcdatamodeld;
			sourceTree = "<group>";
			versionGroupType = wrapper.xcdatamodel;
		};
/* End XCVersionGroup section */
	};
	rootObject = D20EF29F2BB18CFA006CF8CD /* Project object */;
}
